
Microsoft Visual Studio Solution File, Format Version 12.00
# Visual Studio Version 17
VisualStudioVersion = 17.3.32929.385
MinimumVisualStudioVersion = 10.0.40219.1
Project("{FAE04EC0-301F-11D3-BF4B-00C04F79EFBC}") = "TicketingSystem", "TicketingSystem\TicketingSystem.csproj", "{1BFDA7D7-55D4-4BA6-850F-AE7749D7ADAE}"
EndProject
Project("{FAE04EC0-301F-11D3-BF4B-00C04F79EFBC}") = "TicketingSystem.Infrastructure", "TicketingSystem.Infrastructure\TicketingSystem.Infrastructure.csproj", "{293D8E1D-A4C3-4EB8-994D-A83945347753}"
EndProject
Project("{FAE04EC0-301F-11D3-BF4B-00C04F79EFBC}") = "TicketingSystem.Core", "TicketingSystem.Core\TicketingSystem.Core.csproj", "{EF6D6E6A-2458-4C27-ADE0-C24AC0109A72}"
EndProject
Global
	GlobalSection(SolutionConfigurationPlatforms) = preSolution
		Debug|Any CPU = Debug|Any CPU
		Release|Any CPU = Release|Any CPU
	EndGlobalSection
	GlobalSection(ProjectConfigurationPlatforms) = postSolution
		{1BFDA7D7-55D4-4BA6-850F-AE7749D7ADAE}.Debug|Any CPU.ActiveCfg = Debug|Any CPU
		{1BFDA7D7-55D4-4BA6-850F-AE7749D7ADAE}.Debug|Any CPU.Build.0 = Debug|Any CPU
		{1BFDA7D7-55D4-4BA6-850F-AE7749D7ADAE}.Release|Any CPU.ActiveCfg = Release|Any CPU
		{1BFDA7D7-55D4-4BA6-850F-AE7749D7ADAE}.Release|Any CPU.Build.0 = Release|Any CPU
		{293D8E1D-A4C3-4EB8-994D-A83945347753}.Debug|Any CPU.ActiveCfg = Debug|Any CPU
		{293D8E1D-A4C3-4EB8-994D-A83945347753}.Debug|Any CPU.Build.0 = Debug|Any CPU
		{293D8E1D-A4C3-4EB8-994D-A83945347753}.Release|Any CPU.ActiveCfg = Release|Any CPU
		{293D8E1D-A4C3-4EB8-994D-A83945347753}.Release|Any CPU.Build.0 = Release|Any CPU
		{EF6D6E6A-2458-4C27-ADE0-C24AC0109A72}.Debug|Any CPU.ActiveCfg = Debug|Any CPU
		{EF6D6E6A-2458-4C27-ADE0-C24AC0109A72}.Debug|Any CPU.Build.0 = Debug|Any CPU
		{EF6D6E6A-2458-4C27-ADE0-C24AC0109A72}.Release|Any CPU.ActiveCfg = Release|Any CPU
		{EF6D6E6A-2458-4C27-ADE0-C24AC0109A72}.Release|Any CPU.Build.0 = Release|Any CPU
	EndGlobalSection
	GlobalSection(SolutionProperties) = preSolution
		HideSolutionNode = FALSE
	EndGlobalSection
	GlobalSection(ExtensibilityGlobals) = postSolution
		SolutionGuid = {F9398BA7-1FD1-481C-8121-030FA78F87CD}
	EndGlobalSection
EndGlobal
